
Microsoft Visual Studio Solution File, Format Version 12.00
# Visual Studio Version 17
VisualStudioVersion = 17.8.34330.188
MinimumVisualStudioVersion = 10.0.40219.1
Project("{9A19103F-16F7-4668-BE54-9A1E7A4F7556}") = "FrontEnd", "FrontEnd\FrontEnd.csproj", "{F9D2240E-D790-43FC-933F-9F89C0A0E19D}"
EndProject
Project("{9A19103F-16F7-4668-BE54-9A1E7A4F7556}") = "Core", "Core\Core.csproj", "{5EBDFBEC-0394-4298-8766-19E3A9795488}"
EndProject
Project("{9A19103F-16F7-4668-BE54-9A1E7A4F7556}") = "PlaidProviders", "PlaidProviders\PlaidProviders.csproj", "{B9BC381B-3324-47FE-9D09-6C9FC02F2AE0}"
EndProject
Project("{2150E333-8FDC-42A3-9474-1A3956D46DE8}") = "Solution Items", "Solution Items", "{7E3E4741-AD7A-4E49-A750-07CE0B7B5EB3}"
	ProjectSection(SolutionItems) = preProject
		code_of_conduct.md = code_of_conduct.md
		Directory.build.props = Directory.build.props
		LICENSE = LICENSE
		README.md = README.md
	EndProjectSection
EndProject
Global
	GlobalSection(SolutionConfigurationPlatforms) = preSolution
		Debug|x64 = Debug|x64
		Debug|ARM64 = Debug|ARM64
		Release|ARM64 = Release|ARM64
		Release|x64 = Release|x64
	EndGlobalSection
	GlobalSection(ProjectConfigurationPlatforms) = postSolution
		{F9D2240E-D790-43FC-933F-9F89C0A0E19D}.Debug|ARM64.ActiveCfg = Debug|ARM64
		{F9D2240E-D790-43FC-933F-9F89C0A0E19D}.Debug|ARM64.Build.0 = Debug|ARM64
		{F9D2240E-D790-43FC-933F-9F89C0A0E19D}.Debug|x64.ActiveCfg = Debug|x64
		{F9D2240E-D790-43FC-933F-9F89C0A0E19D}.Debug|x64.Build.0 = Debug|x64
		{F9D2240E-D790-43FC-933F-9F89C0A0E19D}.Release|ARM64.ActiveCfg = Release|ARM64
		{F9D2240E-D790-43FC-933F-9F89C0A0E19D}.Release|ARM64.Build.0 = Release|ARM64
		{F9D2240E-D790-43FC-933F-9F89C0A0E19D}.Release|x64.ActiveCfg = Release|x64
		{F9D2240E-D790-43FC-933F-9F89C0A0E19D}.Release|x64.Build.0 = Release|x64
		{5EBDFBEC-0394-4298-8766-19E3A9795488}.Debug|ARM64.ActiveCfg = Debug|ARM64
		{5EBDFBEC-0394-4298-8766-19E3A9795488}.Debug|ARM64.Build.0 = Debug|ARM64
		{5EBDFBEC-0394-4298-8766-19E3A9795488}.Debug|x64.ActiveCfg = Debug|x64
		{5EBDFBEC-0394-4298-8766-19E3A9795488}.Debug|x64.Build.0 = Debug|x64
		{5EBDFBEC-0394-4298-8766-19E3A9795488}.Release|ARM64.ActiveCfg = Release|ARM64
		{5EBDFBEC-0394-4298-8766-19E3A9795488}.Release|x64.ActiveCfg = Release|x64
		{B9BC381B-3324-47FE-9D09-6C9FC02F2AE0}.Debug|ARM64.ActiveCfg = Debug|ARM64
		{B9BC381B-3324-47FE-9D09-6C9FC02F2AE0}.Debug|ARM64.Build.0 = Debug|ARM64
		{B9BC381B-3324-47FE-9D09-6C9FC02F2AE0}.Debug|x64.ActiveCfg = Debug|x64
		{B9BC381B-3324-47FE-9D09-6C9FC02F2AE0}.Debug|x64.Build.0 = Debug|x64
		{B9BC381B-3324-47FE-9D09-6C9FC02F2AE0}.Release|ARM64.ActiveCfg = Release|ARM64
		{B9BC381B-3324-47FE-9D09-6C9FC02F2AE0}.Release|x64.ActiveCfg = Release|x64
	EndGlobalSection
	GlobalSection(SolutionProperties) = preSolution
		HideSolutionNode = FALSE
	EndGlobalSection
	GlobalSection(ExtensibilityGlobals) = postSolution
		SolutionGuid = {2921A054-21C5-49F8-B6B5-FD9CE1F9D611}
	EndGlobalSection
EndGlobal
